PODS:
  - CHUncaughtExceptionHandler (1.1.0)

DEPENDENCIES:
  - CHUncaughtExceptionHandler (from `../`)

EXTERNAL SOURCES:
  CHUncaughtExceptionHandler:
    :path: "../"

SPEC CHECKSUMS:
  CHUncaughtExceptionHandler: 9a6e3fbfd4d603219b2142cb77d095588cdbda04

PODFILE CHECKSUM: 05e0a303c47d83758c5e4e1b1e16e0ef194bc5da

COCOAPODS: 1.5.3
